
Microsoft Visual Studio Solution File, Format Version 12.00
# Visual Studio Version 17
VisualStudioVersion = 17.1.32319.34
MinimumVisualStudioVersion = 10.0.40219.1
Project("{54A90642-561A-4BB1-A94E-469ADEE60C69}") = "react-spa", "react-spa\react-spa.esproj", "{8694ED3F-F215-41FC-B7B1-4436414ACBEB}"
EndProject
Project("{9A19103F-16F7-4668-BE54-9A1E7A4F7556}") = "API", "API\API.csproj", "{5B2FB8FB-23AC-4758-A0EF-BA90F9B29D62}"
EndProject
Global
	GlobalSection(SolutionConfigurationPlatforms) = preSolution
		Debug|Any CPU = Debug|Any CPU
		Release|Any CPU = Release|Any CPU
	EndGlobalSection
	GlobalSection(ProjectConfigurationPlatforms) = postSolution
		{8694ED3F-F215-41FC-B7B1-4436414ACBEB}.Debug|Any CPU.ActiveCfg = Debug|Any CPU
		{8694ED3F-F215-41FC-B7B1-4436414ACBEB}.Debug|Any CPU.Build.0 = Debug|Any CPU
		{8694ED3F-F215-41FC-B7B1-4436414ACBEB}.Debug|Any CPU.Deploy.0 = Debug|Any CPU
		{8694ED3F-F215-41FC-B7B1-4436414ACBEB}.Release|Any CPU.ActiveCfg = Release|Any CPU
		{8694ED3F-F215-41FC-B7B1-4436414ACBEB}.Release|Any CPU.Build.0 = Release|Any CPU
		{8694ED3F-F215-41FC-B7B1-4436414ACBEB}.Release|Any CPU.Deploy.0 = Release|Any CPU
		{5B2FB8FB-23AC-4758-A0EF-BA90F9B29D62}.Debug|Any CPU.ActiveCfg = Debug|Any CPU
		{5B2FB8FB-23AC-4758-A0EF-BA90F9B29D62}.Debug|Any CPU.Build.0 = Debug|Any CPU
		{5B2FB8FB-23AC-4758-A0EF-BA90F9B29D62}.Release|Any CPU.ActiveCfg = Release|Any CPU
		{5B2FB8FB-23AC-4758-A0EF-BA90F9B29D62}.Release|Any CPU.Build.0 = Release|Any CPU
	EndGlobalSection
	GlobalSection(SolutionProperties) = preSolution
		HideSolutionNode = FALSE
	EndGlobalSection
	GlobalSection(ExtensibilityGlobals) = postSolution
		SolutionGuid = {8F99E345-D776-4633-B725-D381C8FCA0C4}
	EndGlobalSection
EndGlobal
